
Microsoft Visual Studio Solution File, Format Version 12.00
# Visual Studio Version 17
VisualStudioVersion = 17.13.35931.197 d17.13
MinimumVisualStudioVersion = 10.0.40219.1
Project("{FAE04EC0-301F-11D3-BF4B-00C04F79EFBC}") = "lab6", "lab6\lab6.csproj", "{66A87467-C27F-4885-BF2C-F50CDE5B154E}"
EndProject
Global
	GlobalSection(SolutionConfigurationPlatforms) = preSolution
		Debug|Any CPU = Debug|Any CPU
		Release|Any CPU = Release|Any CPU
	EndGlobalSection
	GlobalSection(ProjectConfigurationPlatforms) = postSolution
		{66A87467-C27F-4885-BF2C-F50CDE5B154E}.Debug|Any CPU.ActiveCfg = Debug|Any CPU
		{66A87467-C27F-4885-BF2C-F50CDE5B154E}.Debug|Any CPU.Build.0 = Debug|Any CPU
		{66A87467-C27F-4885-BF2C-F50CDE5B154E}.Release|Any CPU.ActiveCfg = Release|Any CPU
		{66A87467-C27F-4885-BF2C-F50CDE5B154E}.Release|Any CPU.Build.0 = Release|Any CPU
	EndGlobalSection
	GlobalSection(SolutionProperties) = preSolution
		HideSolutionNode = FALSE
	EndGlobalSection
	GlobalSection(ExtensibilityGlobals) = postSolution
		SolutionGuid = {50F5EF84-50E9-4F9B-BFD7-E6661E258571}
	EndGlobalSection
EndGlobal
